// !$*UTF8*$!
{
	archiveVersion = 1;
	classes = {
	};
	objectVersion = 46;
	objects = {

/* Begin PBXBuildFile section */
		OBJ_29 /* ADC.swift in Sources */ = {isa = PBXBuildFile; fileRef = OBJ_12 /* ADC.swift */; };
		OBJ_30 /* SunXi.swift in Sources */ = {isa = PBXBuildFile; fileRef = OBJ_13 /* SunXi.swift */; };
		OBJ_31 /* SwiftyGPIO.swift in Sources */ = {isa = PBXBuildFile; fileRef = OBJ_14 /* SwiftyGPIO.swift */; };
		OBJ_32 /* I2C.swift in Sources */ = {isa = PBXBuildFile; fileRef = OBJ_15 /* I2C.swift */; };
		OBJ_33 /* SPI.swift in Sources */ = {isa = PBXBuildFile; fileRef = OBJ_16 /* SPI.swift */; };
		OBJ_34 /* Presets.swift in Sources */ = {isa = PBXBuildFile; fileRef = OBJ_17 /* Presets.swift */; };
		OBJ_35 /* UART.swift in Sources */ = {isa = PBXBuildFile; fileRef = OBJ_18 /* UART.swift */; };
		OBJ_36 /* Mailbox.swift in Sources */ = {isa = PBXBuildFile; fileRef = OBJ_19 /* Mailbox.swift */; };
		OBJ_37 /* PWM.swift in Sources */ = {isa = PBXBuildFile; fileRef = OBJ_20 /* PWM.swift */; };
		OBJ_44 /* main.swift in Sources */ = {isa = PBXBuildFile; fileRef = OBJ_8 /* main.swift */; };
		OBJ_46 /* SwiftyGPIO.framework in Frameworks */ = {isa = PBXBuildFile; fileRef = OBJ_22 /* SwiftyGPIO.framework */; };
/* End PBXBuildFile section */

/* Begin PBXContainerItemProxy section */
		56374F351F20147A00A173E8 /* PBXContainerItemProxy */ = {
			isa = PBXContainerItemProxy;
			containerPortal = OBJ_1 /* Project object */;
			proxyType = 1;
			remoteGlobalIDString = OBJ_24;
			remoteInfo = SwiftyGPIO;
		};
/* End PBXContainerItemProxy section */

/* Begin PBXFileReference section */
		OBJ_12 /* ADC.swift */ = {isa = PBXFileReference; lastKnownFileType = sourcecode.swift; path = ADC.swift; sourceTree = "<group>"; };
		OBJ_13 /* SunXi.swift */ = {isa = PBXFileReference; lastKnownFileType = sourcecode.swift; path = SunXi.swift; sourceTree = "<group>"; };
		OBJ_14 /* SwiftyGPIO.swift */ = {isa = PBXFileReference; lastKnownFileType = sourcecode.swift; path = SwiftyGPIO.swift; sourceTree = "<group>"; };
		OBJ_15 /* I2C.swift */ = {isa = PBXFileReference; lastKnownFileType = sourcecode.swift; path = I2C.swift; sourceTree = "<group>"; };
		OBJ_16 /* SPI.swift */ = {isa = PBXFileReference; lastKnownFileType = sourcecode.swift; path = SPI.swift; sourceTree = "<group>"; };
		OBJ_17 /* Presets.swift */ = {isa = PBXFileReference; lastKnownFileType = sourcecode.swift; path = Presets.swift; sourceTree = "<group>"; };
		OBJ_18 /* UART.swift */ = {isa = PBXFileReference; lastKnownFileType = sourcecode.swift; path = UART.swift; sourceTree = "<group>"; };
		OBJ_19 /* Mailbox.swift */ = {isa = PBXFileReference; lastKnownFileType = sourcecode.swift; path = Mailbox.swift; sourceTree = "<group>"; };
		OBJ_20 /* PWM.swift */ = {isa = PBXFileReference; lastKnownFileType = sourcecode.swift; path = PWM.swift; sourceTree = "<group>"; };
		OBJ_22 /* SwiftyGPIO.framework */ = {isa = PBXFileReference; explicitFileType = wrapper.framework; path = SwiftyGPIO.framework; sourceTree = BUILT_PRODUCTS_DIR; };
		OBJ_23 /* rpi-swift-fun */ = {isa = PBXFileReference; lastKnownFileType = text; path = "rpi-swift-fun"; sourceTree = BUILT_PRODUCTS_DIR; };
		OBJ_6 /* Package.swift */ = {isa = PBXFileReference; explicitFileType = sourcecode.swift; path = Package.swift; sourceTree = "<group>"; };
		OBJ_8 /* main.swift */ = {isa = PBXFileReference; lastKnownFileType = sourcecode.swift; path = main.swift; sourceTree = "<group>"; };
/* End PBXFileReference section */

/* Begin PBXFrameworksBuildPhase section */
		OBJ_38 /* Frameworks */ = {
			isa = PBXFrameworksBuildPhase;
			buildActionMask = 0;
			files = (
			);
			runOnlyForDeploymentPostprocessing = 0;
		};
		OBJ_45 /* Frameworks */ = {
			isa = PBXFrameworksBuildPhase;
			buildActionMask = 0;
			files = (
				OBJ_46 /* SwiftyGPIO.framework in Frameworks */,
			);
			runOnlyForDeploymentPostprocessing = 0;
		};
/* End PBXFrameworksBuildPhase section */

/* Begin PBXGroup section */
		OBJ_10 /* Dependencies */ = {
			isa = PBXGroup;
			children = (
				OBJ_11 /* SwiftyGPIO 0.9.7 */,
			);
			name = Dependencies;
			sourceTree = "<group>";
		};
		OBJ_11 /* SwiftyGPIO 0.9.7 */ = {
			isa = PBXGroup;
			children = (
				OBJ_12 /* ADC.swift */,
				OBJ_13 /* SunXi.swift */,
				OBJ_14 /* SwiftyGPIO.swift */,
				OBJ_15 /* I2C.swift */,
				OBJ_16 /* SPI.swift */,
				OBJ_17 /* Presets.swift */,
				OBJ_18 /* UART.swift */,
				OBJ_19 /* Mailbox.swift */,
				OBJ_20 /* PWM.swift */,
			);
			name = "SwiftyGPIO 0.9.7";
			path = ".build/checkouts/SwiftyGPIO.git-6330852604069455572/Sources";
			sourceTree = SOURCE_ROOT;
		};
		OBJ_21 /* Products */ = {
			isa = PBXGroup;
			children = (
				OBJ_22 /* SwiftyGPIO.framework */,
				OBJ_23 /* rpi-swift-fun */,
			);
			name = Products;
			sourceTree = BUILT_PRODUCTS_DIR;
		};
		OBJ_5 /*  */ = {
			isa = PBXGroup;
			children = (
				OBJ_6 /* Package.swift */,
				OBJ_7 /* Sources */,
				OBJ_9 /* Tests */,
				OBJ_10 /* Dependencies */,
				OBJ_21 /* Products */,
			);
			name = "";
			sourceTree = "<group>";
		};
		OBJ_7 /* Sources */ = {
			isa = PBXGroup;
			children = (
				OBJ_8 /* main.swift */,
			);
			path = Sources;
			sourceTree = SOURCE_ROOT;
		};
		OBJ_9 /* Tests */ = {
			isa = PBXGroup;
			children = (
			);
			name = Tests;
			sourceTree = SOURCE_ROOT;
		};
/* End PBXGroup section */

/* Begin PBXNativeTarget section */
		OBJ_24 /* SwiftyGPIO */ = {
			isa = PBXNativeTarget;
			buildConfigurationList = OBJ_25 /* Build configuration list for PBXNativeTarget "SwiftyGPIO" */;
			buildPhases = (
				OBJ_28 /* Sources */,
				OBJ_38 /* Frameworks */,
			);
			buildRules = (
			);
			dependencies = (
			);
			name = SwiftyGPIO;
			productName = SwiftyGPIO;
			productReference = OBJ_22 /* SwiftyGPIO.framework */;
			productType = "com.apple.product-type.framework";
		};
		OBJ_39 /* rpi-swift-fun */ = {
			isa = PBXNativeTarget;
			buildConfigurationList = OBJ_40 /* Build configuration list for PBXNativeTarget "rpi-swift-fun" */;
			buildPhases = (
				OBJ_43 /* Sources */,
				OBJ_45 /* Frameworks */,
			);
			buildRules = (
			);
			dependencies = (
				OBJ_47 /* PBXTargetDependency */,
			);
			name = "rpi-swift-fun";
			productName = rpi_swift_fun;
			productReference = OBJ_23 /* rpi-swift-fun */;
			productType = "com.apple.product-type.tool";
		};
/* End PBXNativeTarget section */

/* Begin PBXProject section */
		OBJ_1 /* Project object */ = {
			isa = PBXProject;
			attributes = {
				LastUpgradeCheck = 9999;
			};
			buildConfigurationList = OBJ_2 /* Build configuration list for PBXProject "rpi-swift-fun" */;
			compatibilityVersion = "Xcode 3.2";
			developmentRegion = English;
			hasScannedForEncodings = 0;
			knownRegions = (
				en,
			);
			mainGroup = OBJ_5 /*  */;
			productRefGroup = OBJ_21 /* Products */;
			projectDirPath = "";
			projectRoot = "";
			targets = (
				OBJ_24 /* SwiftyGPIO */,
				OBJ_39 /* rpi-swift-fun */,
			);
		};
/* End PBXProject section */

/* Begin PBXSourcesBuildPhase section */
		OBJ_28 /* Sources */ = {
			isa = PBXSourcesBuildPhase;
			buildActionMask = 0;
			files = (
				OBJ_29 /* ADC.swift in Sources */,
				OBJ_30 /* SunXi.swift in Sources */,
				OBJ_31 /* SwiftyGPIO.swift in Sources */,
				OBJ_32 /* I2C.swift in Sources */,
				OBJ_33 /* SPI.swift in Sources */,
				OBJ_34 /* Presets.swift in Sources */,
				OBJ_35 /* UART.swift in Sources */,
				OBJ_36 /* Mailbox.swift in Sources */,
				OBJ_37 /* PWM.swift in Sources */,
			);
			runOnlyForDeploymentPostprocessing = 0;
		};
		OBJ_43 /* Sources */ = {
			isa = PBXSourcesBuildPhase;
			buildActionMask = 0;
			files = (
				OBJ_44 /* main.swift in Sources */,
			);
			runOnlyForDeploymentPostprocessing = 0;
		};
/* End PBXSourcesBuildPhase section */

/* Begin PBXTargetDependency section */
		OBJ_47 /* PBXTargetDependency */ = {
			isa = PBXTargetDependency;
			target = OBJ_24 /* SwiftyGPIO */;
			targetProxy = 56374F351F20147A00A173E8 /* PBXContainerItemProxy */;
		};
/* End PBXTargetDependency section */

/* Begin XCBuildConfiguration section */
		OBJ_26 /* Debug */ = {
			isa = XCBuildConfiguration;
			buildSettings = {
				ENABLE_TESTABILITY = YES;
				FRAMEWORK_SEARCH_PATHS = (
					"$(inherited)",
					"$(PLATFORM_DIR)/Developer/Library/Frameworks",
				);
				HEADER_SEARCH_PATHS = "$(inherited)";
				INFOPLIST_FILE = "rpi-swift-fun.xcodeproj/SwiftyGPIO_Info.plist";
				LD_RUNPATH_SEARCH_PATHS = "$(TOOLCHAIN_DIR)/usr/lib/swift/macosx";
				OTHER_LDFLAGS = "$(inherited)";
				OTHER_SWIFT_FLAGS = "$(inherited)";
				PRODUCT_BUNDLE_IDENTIFIER = SwiftyGPIO;
				PRODUCT_MODULE_NAME = "$(TARGET_NAME:c99extidentifier)";
				PRODUCT_NAME = "$(TARGET_NAME:c99extidentifier)";
				SKIP_INSTALL = YES;
				TARGET_NAME = SwiftyGPIO;
			};
			name = Debug;
		};
		OBJ_27 /* Release */ = {
			isa = XCBuildConfiguration;
			buildSettings = {
				ENABLE_TESTABILITY = YES;
				FRAMEWORK_SEARCH_PATHS = (
					"$(inherited)",
					"$(PLATFORM_DIR)/Developer/Library/Frameworks",
				);
				HEADER_SEARCH_PATHS = "$(inherited)";
				INFOPLIST_FILE = "rpi-swift-fun.xcodeproj/SwiftyGPIO_Info.plist";
				LD_RUNPATH_SEARCH_PATHS = "$(TOOLCHAIN_DIR)/usr/lib/swift/macosx";
				OTHER_LDFLAGS = "$(inherited)";
				OTHER_SWIFT_FLAGS = "$(inherited)";
				PRODUCT_BUNDLE_IDENTIFIER = SwiftyGPIO;
				PRODUCT_MODULE_NAME = "$(TARGET_NAME:c99extidentifier)";
				PRODUCT_NAME = "$(TARGET_NAME:c99extidentifier)";
				SKIP_INSTALL = YES;
				TARGET_NAME = SwiftyGPIO;
			};
			name = Release;
		};
		OBJ_3 /* Debug */ = {
			isa = XCBuildConfiguration;
			buildSettings = {
				CLANG_ENABLE_OBJC_ARC = YES;
				COMBINE_HIDPI_IMAGES = YES;
				COPY_PHASE_STRIP = NO;
				DEBUG_INFORMATION_FORMAT = dwarf;
				DYLIB_INSTALL_NAME_BASE = "@rpath";
				ENABLE_NS_ASSERTIONS = YES;
				GCC_OPTIMIZATION_LEVEL = 0;
				MACOSX_DEPLOYMENT_TARGET = 10.10;
				ONLY_ACTIVE_ARCH = YES;
				OTHER_SWIFT_FLAGS = "-DXcode";
				PRODUCT_NAME = "$(TARGET_NAME)";
				SDKROOT = macosx;
				SUPPORTED_PLATFORMS = "macosx iphoneos iphonesimulator appletvos appletvsimulator watchos watchsimulator";
				SWIFT_ACTIVE_COMPILATION_CONDITIONS = SWIFT_PACKAGE;
				SWIFT_OPTIMIZATION_LEVEL = "-Onone";
				SWIFT_VERSION = 3.0;
				USE_HEADERMAP = NO;
			};
			name = Debug;
		};
		OBJ_4 /* Release */ = {
			isa = XCBuildConfiguration;
			buildSettings = {
				CLANG_ENABLE_OBJC_ARC = YES;
				COMBINE_HIDPI_IMAGES = YES;
				COPY_PHASE_STRIP = YES;
				DEBUG_INFORMATION_FORMAT = "dwarf-with-dsym";
				DYLIB_INSTALL_NAME_BASE = "@rpath";
				GCC_OPTIMIZATION_LEVEL = s;
				MACOSX_DEPLOYMENT_TARGET = 10.10;
				OTHER_SWIFT_FLAGS = "-DXcode";
				PRODUCT_NAME = "$(TARGET_NAME)";
				SDKROOT = macosx;
				SUPPORTED_PLATFORMS = "macosx iphoneos iphonesimulator appletvos appletvsimulator watchos watchsimulator";
				SWIFT_ACTIVE_COMPILATION_CONDITIONS = SWIFT_PACKAGE;
				SWIFT_OPTIMIZATION_LEVEL = "-Owholemodule";
				SWIFT_VERSION = 3.0;
				USE_HEADERMAP = NO;
			};
			name = Release;
		};
		OBJ_41 /* Debug */ = {
			isa = XCBuildConfiguration;
			buildSettings = {
				FRAMEWORK_SEARCH_PATHS = (
					"$(inherited)",
					"$(PLATFORM_DIR)/Developer/Library/Frameworks",
				);
				HEADER_SEARCH_PATHS = "$(inherited)";
				INFOPLIST_FILE = "rpi-swift-fun.xcodeproj/rpi_swift_fun_Info.plist";
				LD_RUNPATH_SEARCH_PATHS = "$(TOOLCHAIN_DIR)/usr/lib/swift/macosx @executable_path";
				OTHER_LDFLAGS = "$(inherited)";
				OTHER_SWIFT_FLAGS = "$(inherited)";
				SWIFT_FORCE_DYNAMIC_LINK_STDLIB = YES;
				SWIFT_FORCE_STATIC_LINK_STDLIB = NO;
				TARGET_NAME = "rpi-swift-fun";
			};
			name = Debug;
		};
		OBJ_42 /* Release */ = {
			isa = XCBuildConfiguration;
			buildSettings = {
				FRAMEWORK_SEARCH_PATHS = (
					"$(inherited)",
					"$(PLATFORM_DIR)/Developer/Library/Frameworks",
				);
				HEADER_SEARCH_PATHS = "$(inherited)";
				INFOPLIST_FILE = "rpi-swift-fun.xcodeproj/rpi_swift_fun_Info.plist";
				LD_RUNPATH_SEARCH_PATHS = "$(TOOLCHAIN_DIR)/usr/lib/swift/macosx @executable_path";
				OTHER_LDFLAGS = "$(inherited)";
				OTHER_SWIFT_FLAGS = "$(inherited)";
				SWIFT_FORCE_DYNAMIC_LINK_STDLIB = YES;
				SWIFT_FORCE_STATIC_LINK_STDLIB = NO;
				TARGET_NAME = "rpi-swift-fun";
			};
			name = Release;
		};
/* End XCBuildConfiguration section */

/* Begin XCConfigurationList section */
		OBJ_2 /* Build configuration list for PBXProject "rpi-swift-fun" */ = {
			isa = XCConfigurationList;
			buildConfigurations = (
				OBJ_3 /* Debug */,
				OBJ_4 /* Release */,
			);
			defaultConfigurationIsVisible = 0;
			defaultConfigurationName = Debug;
		};
		OBJ_25 /* Build configuration list for PBXNativeTarget "SwiftyGPIO" */ = {
			isa = XCConfigurationList;
			buildConfigurations = (
				OBJ_26 /* Debug */,
				OBJ_27 /* Release */,
			);
			defaultConfigurationIsVisible = 0;
			defaultConfigurationName = Debug;
		};
		OBJ_40 /* Build configuration list for PBXNativeTarget "rpi-swift-fun" */ = {
			isa = XCConfigurationList;
			buildConfigurations = (
				OBJ_41 /* Debug */,
				OBJ_42 /* Release */,
			);
			defaultConfigurationIsVisible = 0;
			defaultConfigurationName = Debug;
		};
/* End XCConfigurationList section */
	};
	rootObject = OBJ_1 /* Project object */;
}
